
Microsoft Visual Studio Solution File, Format Version 12.00
# Visual Studio Version 17
VisualStudioVersion = 17.0.32002.185
MinimumVisualStudioVersion = 10.0.40219.1
Project("{FAE04EC0-301F-11D3-BF4B-00C04F79EFBC}") = "MISA.WEB04.P2.CUKCUK.FOOD.Api", "MISA.WEB04.P2.CUKCUK.FOOD.Api\MISA.WEB04.P2.CUKCUK.FOOD.Api.csproj", "{B6FB179E-D54F-4D12-8A24-B14A90837593}"
EndProject
Project("{FAE04EC0-301F-11D3-BF4B-00C04F79EFBC}") = "MISA.WEB04.P2.CUKCUK.FOOD.Core", "MISA.WEB04.P2.CUKCUK.FOOD.Core\MISA.WEB04.P2.CUKCUK.FOOD.Core.csproj", "{D98B796F-63EF-40A2-ADF0-1D2AE3C59DCA}"
EndProject
Project("{FAE04EC0-301F-11D3-BF4B-00C04F79EFBC}") = "MISA.WEB04.P2.CUKCUK.FOOD.Infrastructure", "MISA.WEB04.P2.CUKCUK.FOOD.Infrastructure\MISA.WEB04.P2.CUKCUK.FOOD.Infrastructure.csproj", "{DD186042-5ACF-474C-BB1E-AB843ACD9F15}"
EndProject
Global
	GlobalSection(SolutionConfigurationPlatforms) = preSolution
		Debug|Any CPU = Debug|Any CPU
		Release|Any CPU = Release|Any CPU
	EndGlobalSection
	GlobalSection(ProjectConfigurationPlatforms) = postSolution
		{B6FB179E-D54F-4D12-8A24-B14A90837593}.Debug|Any CPU.ActiveCfg = Debug|Any CPU
		{B6FB179E-D54F-4D12-8A24-B14A90837593}.Debug|Any CPU.Build.0 = Debug|Any CPU
		{B6FB179E-D54F-4D12-8A24-B14A90837593}.Release|Any CPU.ActiveCfg = Release|Any CPU
		{B6FB179E-D54F-4D12-8A24-B14A90837593}.Release|Any CPU.Build.0 = Release|Any CPU
		{D98B796F-63EF-40A2-ADF0-1D2AE3C59DCA}.Debug|Any CPU.ActiveCfg = Debug|Any CPU
		{D98B796F-63EF-40A2-ADF0-1D2AE3C59DCA}.Debug|Any CPU.Build.0 = Debug|Any CPU
		{D98B796F-63EF-40A2-ADF0-1D2AE3C59DCA}.Release|Any CPU.ActiveCfg = Release|Any CPU
		{D98B796F-63EF-40A2-ADF0-1D2AE3C59DCA}.Release|Any CPU.Build.0 = Release|Any CPU
		{DD186042-5ACF-474C-BB1E-AB843ACD9F15}.Debug|Any CPU.ActiveCfg = Debug|Any CPU
		{DD186042-5ACF-474C-BB1E-AB843ACD9F15}.Debug|Any CPU.Build.0 = Debug|Any CPU
		{DD186042-5ACF-474C-BB1E-AB843ACD9F15}.Release|Any CPU.ActiveCfg = Release|Any CPU
		{DD186042-5ACF-474C-BB1E-AB843ACD9F15}.Release|Any CPU.Build.0 = Release|Any CPU
	EndGlobalSection
	GlobalSection(SolutionProperties) = preSolution
		HideSolutionNode = FALSE
	EndGlobalSection
	GlobalSection(ExtensibilityGlobals) = postSolution
		SolutionGuid = {733E92D0-1F04-452D-88A2-E60EE1174F0D}
	EndGlobalSection
EndGlobal
